// !$*UTF8*$!
{
	archiveVersion = 1;
	classes = {
	};
	objectVersion = 56;
	objects = {

/* Begin PBXBuildFile section */
		322A6CA22B959D6100A55712 /* Song_DropApp.swift in Sources */ = {isa = PBXBuildFile; fileRef = 322A6CA12B959D6100A55712 /* Song_DropApp.swift */; };
		322A6CA42B959D6100A55712 /* ContentView.swift in Sources */ = {isa = PBXBuildFile; fileRef = 322A6CA32B959D6100A55712 /* ContentView.swift */; };
		322A6CA62B959D6100A55712 /* Item.swift in Sources */ = {isa = PBXBuildFile; fileRef = 322A6CA52B959D6100A55712 /* Item.swift */; };
		322A6CA82B959D6200A55712 /* Assets.xcassets in Resources */ = {isa = PBXBuildFile; fileRef = 322A6CA72B959D6200A55712 /* Assets.xcassets */; };
		322A6CAB2B959D6200A55712 /* Preview Assets.xcassets in Resources */ = {isa = PBXBuildFile; fileRef = 322A6CAA2B959D6200A55712 /* Preview Assets.xcassets */; };
		322A6CB52B959D6300A55712 /* Song_DropTests.swift in Sources */ = {isa = PBXBuildFile; fileRef = 322A6CB42B959D6300A55712 /* Song_DropTests.swift */; };
		322A6CBF2B959D6300A55712 /* Song_DropUITests.swift in Sources */ = {isa = PBXBuildFile; fileRef = 322A6CBE2B959D6300A55712 /* Song_DropUITests.swift */; };
		322A6CC12B959D6300A55712 /* Song_DropUITestsLaunchTests.swift in Sources */ = {isa = PBXBuildFile; fileRef = 322A6CC02B959D6300A55712 /* Song_DropUITestsLaunchTests.swift */; };
/* End PBXBuildFile section */

/* Begin PBXContainerItemProxy section */
		322A6CB12B959D6300A55712 /* PBXContainerItemProxy */ = {
			isa = PBXContainerItemProxy;
			containerPortal = 322A6C962B959D6100A55712 /* Project object */;
			proxyType = 1;
			remoteGlobalIDString = 322A6C9D2B959D6100A55712;
			remoteInfo = "Song Drop";
		};
		322A6CBB2B959D6300A55712 /* PBXContainerItemProxy */ = {
			isa = PBXContainerItemProxy;
			containerPortal = 322A6C962B959D6100A55712 /* Project object */;
			proxyType = 1;
			remoteGlobalIDString = 322A6C9D2B959D6100A55712;
			remoteInfo = "Song Drop";
		};
/* End PBXContainerItemProxy section */

/* Begin PBXFileReference section */
		322A6C9E2B959D6100A55712 /* Song Drop.app */ = {isa = PBXFileReference; explicitFileType = wrapper.application; includeInIndex = 0; path = "Song Drop.app"; sourceTree = BUILT_PRODUCTS_DIR; };
		322A6CA12B959D6100A55712 /* Song_DropApp.swift */ = {isa = PBXFileReference; lastKnownFileType = sourcecode.swift; path = Song_DropApp.swift; sourceTree = "<group>"; };
		322A6CA32B959D6100A55712 /* ContentView.swift */ = {isa = PBXFileReference; lastKnownFileType = sourcecode.swift; path = ContentView.swift; sourceTree = "<group>"; };
		322A6CA52B959D6100A55712 /* Item.swift */ = {isa = PBXFileReference; lastKnownFileType = sourcecode.swift; path = Item.swift; sourceTree = "<group>"; };
		322A6CA72B959D6200A55712 /* Assets.xcassets */ = {isa = PBXFileReference; lastKnownFileType = folder.assetcatalog; path = Assets.xcassets; sourceTree = "<group>"; };
		322A6CAA2B959D6200A55712 /* Preview Assets.xcassets */ = {isa = PBXFileReference; lastKnownFileType = folder.assetcatalog; path = "Preview Assets.xcassets"; sourceTree = "<group>"; };
		322A6CB02B959D6300A55712 /* Song DropTests.xctest */ = {isa = PBXFileReference; explicitFileType = wrapper.cfbundle; includeInIndex = 0; path = "Song DropTests.xctest"; sourceTree = BUILT_PRODUCTS_DIR; };
		322A6CB42B959D6300A55712 /* Song_DropTests.swift */ = {isa = PBXFileReference; lastKnownFileType = sourcecode.swift; path = Song_DropTests.swift; sourceTree = "<group>"; };
		322A6CBA2B959D6300A55712 /* Song DropUITests.xctest */ = {isa = PBXFileReference; explicitFileType = wrapper.cfbundle; includeInIndex = 0; path = "Song DropUITests.xctest"; sourceTree = BUILT_PRODUCTS_DIR; };
		322A6CBE2B959D6300A55712 /* Song_DropUITests.swift */ = {isa = PBXFileReference; lastKnownFileType = sourcecode.swift; path = Song_DropUITests.swift; sourceTree = "<group>"; };
		322A6CC02B959D6300A55712 /* Song_DropUITestsLaunchTests.swift */ = {isa = PBXFileReference; lastKnownFileType = sourcecode.swift; path = Song_DropUITestsLaunchTests.swift; sourceTree = "<group>"; };
/* End PBXFileReference section */

/* Begin PBXFrameworksBuildPhase section */
		322A6C9B2B959D6100A55712 /* Frameworks */ = {
			isa = PBXFrameworksBuildPhase;
			buildActionMask = 2147483647;
			files = (
			);
			runOnlyForDeploymentPostprocessing = 0;
		};
		322A6CAD2B959D6300A55712 /* Frameworks */ = {
			isa = PBXFrameworksBuildPhase;
			buildActionMask = 2147483647;
			files = (
			);
			runOnlyForDeploymentPostprocessing = 0;
		};
		322A6CB72B959D6300A55712 /* Frameworks */ = {
			isa = PBXFrameworksBuildPhase;
			buildActionMask = 2147483647;
			files = (
			);
			runOnlyForDeploymentPostprocessing = 0;
		};
/* End PBXFrameworksBuildPhase section */

/* Begin PBXGroup section */
		322A6C952B959D6100A55712 = {
			isa = PBXGroup;
			children = (
				322A6CA02B959D6100A55712 /* Song Drop */,
				322A6CB32B959D6300A55712 /* Song DropTests */,
				322A6CBD2B959D6300A55712 /* Song DropUITests */,
				322A6C9F2B959D6100A55712 /* Products */,
			);
			sourceTree = "<group>";
		};
		322A6C9F2B959D6100A55712 /* Products */ = {
			isa = PBXGroup;
			children = (
				322A6C9E2B959D6100A55712 /* Song Drop.app */,
				322A6CB02B959D6300A55712 /* Song DropTests.xctest */,
				322A6CBA2B959D6300A55712 /* Song DropUITests.xctest */,
			);
			name = Products;
			sourceTree = "<group>";
		};
		322A6CA02B959D6100A55712 /* Song Drop */ = {
			isa = PBXGroup;
			children = (
				322A6CA12B959D6100A55712 /* Song_DropApp.swift */,
				322A6CA32B959D6100A55712 /* ContentView.swift */,
				322A6CA52B959D6100A55712 /* Item.swift */,
				322A6CA72B959D6200A55712 /* Assets.xcassets */,
				322A6CA92B959D6200A55712 /* Preview Content */,
			);
			path = "Song Drop";
			sourceTree = "<group>";
		};
		322A6CA92B959D6200A55712 /* Preview Content */ = {
			isa = PBXGroup;
			children = (
				322A6CAA2B959D6200A55712 /* Preview Assets.xcassets */,
			);
			path = "Preview Content";
			sourceTree = "<group>";
		};
		322A6CB32B959D6300A55712 /* Song DropTests */ = {
			isa = PBXGroup;
			children = (
				322A6CB42B959D6300A55712 /* Song_DropTests.swift */,
			);
			path = "Song DropTests";
			sourceTree = "<group>";
		};
		322A6CBD2B959D6300A55712 /* Song DropUITests */ = {
			isa = PBXGroup;
			children = (
				322A6CBE2B959D6300A55712 /* Song_DropUITests.swift */,
				322A6CC02B959D6300A55712 /* Song_DropUITestsLaunchTests.swift */,
			);
			path = "Song DropUITests";
			sourceTree = "<group>";
		};
/* End PBXGroup section */

/* Begin PBXNativeTarget section */
		322A6C9D2B959D6100A55712 /* Song Drop */ = {
			isa = PBXNativeTarget;
			buildConfigurationList = 322A6CC42B959D6300A55712 /* Build configuration list for PBXNativeTarget "Song Drop" */;
			buildPhases = (
				322A6C9A2B959D6100A55712 /* Sources */,
				322A6C9B2B959D6100A55712 /* Frameworks */,
				322A6C9C2B959D6100A55712 /* Resources */,
			);
			buildRules = (
			);
			dependencies = (
			);
			name = "Song Drop";
			productName = "Song Drop";
			productReference = 322A6C9E2B959D6100A55712 /* Song Drop.app */;
			productType = "com.apple.product-type.application";
		};
		322A6CAF2B959D6300A55712 /* Song DropTests */ = {
			isa = PBXNativeTarget;
			buildConfigurationList = 322A6CC72B959D6300A55712 /* Build configuration list for PBXNativeTarget "Song DropTests" */;
			buildPhases = (
				322A6CAC2B959D6300A55712 /* Sources */,
				322A6CAD2B959D6300A55712 /* Frameworks */,
				322A6CAE2B959D6300A55712 /* Resources */,
			);
			buildRules = (
			);
			dependencies = (
				322A6CB22B959D6300A55712 /* PBXTargetDependency */,
			);
			name = "Song DropTests";
			productName = "Song DropTests";
			productReference = 322A6CB02B959D6300A55712 /* Song DropTests.xctest */;
			productType = "com.apple.product-type.bundle.unit-test";
		};
		322A6CB92B959D6300A55712 /* Song DropUITests */ = {
			isa = PBXNativeTarget;
			buildConfigurationList = 322A6CCA2B959D6300A55712 /* Build configuration list for PBXNativeTarget "Song DropUITests" */;
			buildPhases = (
				322A6CB62B959D6300A55712 /* Sources */,
				322A6CB72B959D6300A55712 /* Frameworks */,
				322A6CB82B959D6300A55712 /* Resources */,
			);
			buildRules = (
			);
			dependencies = (
				322A6CBC2B959D6300A55712 /* PBXTargetDependency */,
			);
			name = "Song DropUITests";
			productName = "Song DropUITests";
			productReference = 322A6CBA2B959D6300A55712 /* Song DropUITests.xctest */;
			productType = "com.apple.product-type.bundle.ui-testing";
		};
/* End PBXNativeTarget section */

/* Begin PBXProject section */
		322A6C962B959D6100A55712 /* Project object */ = {
			isa = PBXProject;
			attributes = {
				BuildIndependentTargetsInParallel = 1;
				LastSwiftUpdateCheck = 1520;
				LastUpgradeCheck = 1520;
				TargetAttributes = {
					322A6C9D2B959D6100A55712 = {
						CreatedOnToolsVersion = 15.2;
					};
					322A6CAF2B959D6300A55712 = {
						CreatedOnToolsVersion = 15.2;
						TestTargetID = 322A6C9D2B959D6100A55712;
					};
					322A6CB92B959D6300A55712 = {
						CreatedOnToolsVersion = 15.2;
						TestTargetID = 322A6C9D2B959D6100A55712;
					};
				};
			};
			buildConfigurationList = 322A6C992B959D6100A55712 /* Build configuration list for PBXProject "Song Drop" */;
			compatibilityVersion = "Xcode 14.0";
			developmentRegion = en;
			hasScannedForEncodings = 0;
			knownRegions = (
				en,
				Base,
			);
			mainGroup = 322A6C952B959D6100A55712;
			productRefGroup = 322A6C9F2B959D6100A55712 /* Products */;
			projectDirPath = "";
			projectRoot = "";
			targets = (
				322A6C9D2B959D6100A55712 /* Song Drop */,
				322A6CAF2B959D6300A55712 /* Song DropTests */,
				322A6CB92B959D6300A55712 /* Song DropUITests */,
			);
		};
/* End PBXProject section */

/* Begin PBXResourcesBuildPhase section */
		322A6C9C2B959D6100A55712 /* Resources */ = {
			isa = PBXResourcesBuildPhase;
			buildActionMask = 2147483647;
			files = (
				322A6CAB2B959D6200A55712 /* Preview Assets.xcassets in Resources */,
				322A6CA82B959D6200A55712 /* Assets.xcassets in Resources */,
			);
			runOnlyForDeploymentPostprocessing = 0;
		};
		322A6CAE2B959D6300A55712 /* Resources */ = {
			isa = PBXResourcesBuildPhase;
			buildActionMask = 2147483647;
			files = (
			);
			runOnlyForDeploymentPostprocessing = 0;
		};
		322A6CB82B959D6300A55712 /* Resources */ = {
			isa = PBXResourcesBuildPhase;
			buildActionMask = 2147483647;
			files = (
			);
			runOnlyForDeploymentPostprocessing = 0;
		};
/* End PBXResourcesBuildPhase section */

/* Begin PBXSourcesBuildPhase section */
		322A6C9A2B959D6100A55712 /* Sources */ = {
			isa = PBXSourcesBuildPhase;
			buildActionMask = 2147483647;
			files = (
				322A6CA42B959D6100A55712 /* ContentView.swift in Sources */,
				322A6CA62B959D6100A55712 /* Item.swift in Sources */,
				322A6CA22B959D6100A55712 /* Song_DropApp.swift in Sources */,
			);
			runOnlyForDeploymentPostprocessing = 0;
		};
		322A6CAC2B959D6300A55712 /* Sources */ = {
			isa = PBXSourcesBuildPhase;
			buildActionMask = 2147483647;
			files = (
				322A6CB52B959D6300A55712 /* Song_DropTests.swift in Sources */,
			);
			runOnlyForDeploymentPostprocessing = 0;
		};
		322A6CB62B959D6300A55712 /* Sources */ = {
			isa = PBXSourcesBuildPhase;
			buildActionMask = 2147483647;
			files = (
				322A6CC12B959D6300A55712 /* Song_DropUITestsLaunchTests.swift in Sources */,
				322A6CBF2B959D6300A55712 /* Song_DropUITests.swift in Sources */,
			);
			runOnlyForDeploymentPostprocessing = 0;
		};
/* End PBXSourcesBuildPhase section */

/* Begin PBXTargetDependency section */
		322A6CB22B959D6300A55712 /* PBXTargetDependency */ = {
			isa = PBXTargetDependency;
			target = 322A6C9D2B959D6100A55712 /* Song Drop */;
			targetProxy = 322A6CB12B959D6300A55712 /* PBXContainerItemProxy */;
		};
		322A6CBC2B959D6300A55712 /* PBXTargetDependency */ = {
			isa = PBXTargetDependency;
			target = 322A6C9D2B959D6100A55712 /* Song Drop */;
			targetProxy = 322A6CBB2B959D6300A55712 /* PBXContainerItemProxy */;
		};
/* End PBXTargetDependency section */

/* Begin XCBuildConfiguration section */
		322A6CC22B959D6300A55712 /* Debug */ = {
			isa = XCBuildConfiguration;
			buildSettings = {
				ALWAYS_SEARCH_USER_PATHS = NO;
				ASSETCATALOG_COMPILER_GENERATE_SWIFT_ASSET_SYMBOL_EXTENSIONS = YES;
				CLANG_ANALYZER_NONNULL = YES;
				CLANG_ANALYZER_NUMBER_OBJECT_CONVERSION = YES_AGGRESSIVE;
				CLANG_CXX_LANGUAGE_STANDARD = "gnu++20";
				CLANG_ENABLE_MODULES = YES;
				CLANG_ENABLE_OBJC_ARC = YES;
				CLANG_ENABLE_OBJC_WEAK = YES;
				CLANG_WARN_BLOCK_CAPTURE_AUTORELEASING = YES;
				CLANG_WARN_BOOL_CONVERSION = YES;
				CLANG_WARN_COMMA = YES;
				CLANG_WARN_CONSTANT_CONVERSION = YES;
				CLANG_WARN_DEPRECATED_OBJC_IMPLEMENTATIONS = YES;
				CLANG_WARN_DIRECT_OBJC_ISA_USAGE = YES_ERROR;
				CLANG_WARN_DOCUMENTATION_COMMENTS = YES;
				CLANG_WARN_EMPTY_BODY = YES;
				CLANG_WARN_ENUM_CONVERSION = YES;
				CLANG_WARN_INFINITE_RECURSION = YES;
				CLANG_WARN_INT_CONVERSION = YES;
				CLANG_WARN_NON_LITERAL_NULL_CONVERSION = YES;
				CLANG_WARN_OBJC_IMPLICIT_RETAIN_SELF = YES;
				CLANG_WARN_OBJC_LITERAL_CONVERSION = YES;
				CLANG_WARN_OBJC_ROOT_CLASS = YES_ERROR;
				CLANG_WARN_QUOTED_INCLUDE_IN_FRAMEWORK_HEADER = YES;
				CLANG_WARN_RANGE_LOOP_ANALYSIS = YES;
				CLANG_WARN_STRICT_PROTOTYPES = YES;
				CLANG_WARN_SUSPICIOUS_MOVE = YES;
				CLANG_WARN_UNGUARDED_AVAILABILITY = YES_AGGRESSIVE;
				CLANG_WARN_UNREACHABLE_CODE = YES;
				CLANG_WARN__DUPLICATE_METHOD_MATCH = YES;
				COPY_PHASE_STRIP = NO;
				DEBUG_INFORMATION_FORMAT = dwarf;
				ENABLE_STRICT_OBJC_MSGSEND = YES;
				ENABLE_TESTABILITY = YES;
				ENABLE_USER_SCRIPT_SANDBOXING = YES;
				GCC_C_LANGUAGE_STANDARD = gnu17;
				GCC_DYNAMIC_NO_PIC = NO;
				GCC_NO_COMMON_BLOCKS = YES;
				GCC_OPTIMIZATION_LEVEL = 0;
				GCC_PREPROCESSOR_DEFINITIONS = (
					"DEBUG=1",
					"$(inherited)",
				);
				GCC_WARN_64_TO_32_BIT_CONVERSION = YES;
				GCC_WARN_ABOUT_RETURN_TYPE = YES_ERROR;
				GCC_WARN_UNDECLARED_SELECTOR = YES;
				GCC_WARN_UNINITIALIZED_AUTOS = YES_AGGRESSIVE;
				GCC_WARN_UNUSED_FUNCTION = YES;
				GCC_WARN_UNUSED_VARIABLE = YES;
				IPHONEOS_DEPLOYMENT_TARGET = 17.2;
				LOCALIZATION_PREFERS_STRING_CATALOGS = YES;
				MTL_ENABLE_DEBUG_INFO = INCLUDE_SOURCE;
				MTL_FAST_MATH = YES;
				ONLY_ACTIVE_ARCH = YES;
				SDKROOT = iphoneos;
				SWIFT_ACTIVE_COMPILATION_CONDITIONS = "DEBUG $(inherited)";
				SWIFT_OPTIMIZATION_LEVEL = "-Onone";
			};
			name = Debug;
		};
		322A6CC32B959D6300A55712 /* Release */ = {
			isa = XCBuildConfiguration;
			buildSettings = {
				ALWAYS_SEARCH_USER_PATHS = NO;
				ASSETCATALOG_COMPILER_GENERATE_SWIFT_ASSET_SYMBOL_EXTENSIONS = YES;
				CLANG_ANALYZER_NONNULL = YES;
				CLANG_ANALYZER_NUMBER_OBJECT_CONVERSION = YES_AGGRESSIVE;
				CLANG_CXX_LANGUAGE_STANDARD = "gnu++20";
				CLANG_ENABLE_MODULES = YES;
				CLANG_ENABLE_OBJC_ARC = YES;
				CLANG_ENABLE_OBJC_WEAK = YES;
				CLANG_WARN_BLOCK_CAPTURE_AUTORELEASING = YES;
				CLANG_WARN_BOOL_CONVERSION = YES;
				CLANG_WARN_COMMA = YES;
				CLANG_WARN_CONSTANT_CONVERSION = YES;
				CLANG_WARN_DEPRECATED_OBJC_IMPLEMENTATIONS = YES;
				CLANG_WARN_DIRECT_OBJC_ISA_USAGE = YES_ERROR;
				CLANG_WARN_DOCUMENTATION_COMMENTS = YES;
				CLANG_WARN_EMPTY_BODY = YES;
				CLANG_WARN_ENUM_CONVERSION = YES;
				CLANG_WARN_INFINITE_RECURSION = YES;
				CLANG_WARN_INT_CONVERSION = YES;
				CLANG_WARN_NON_LITERAL_NULL_CONVERSION = YES;
				CLANG_WARN_OBJC_IMPLICIT_RETAIN_SELF = YES;
				CLANG_WARN_OBJC_LITERAL_CONVERSION = YES;
				CLANG_WARN_OBJC_ROOT_CLASS = YES_ERROR;
				CLANG_WARN_QUOTED_INCLUDE_IN_FRAMEWORK_HEADER = YES;
				CLANG_WARN_RANGE_LOOP_ANALYSIS = YES;
				CLANG_WARN_STRICT_PROTOTYPES = YES;
				CLANG_WARN_SUSPICIOUS_MOVE = YES;
				CLANG_WARN_UNGUARDED_AVAILABILITY = YES_AGGRESSIVE;
				CLANG_WARN_UNREACHABLE_CODE = YES;
				CLANG_WARN__DUPLICATE_METHOD_MATCH = YES;
				COPY_PHASE_STRIP = NO;
				DEBUG_INFORMATION_FORMAT = "dwarf-with-dsym";
				ENABLE_NS_ASSERTIONS = NO;
				ENABLE_STRICT_OBJC_MSGSEND = YES;
				ENABLE_USER_SCRIPT_SANDBOXING = YES;
				GCC_C_LANGUAGE_STANDARD = gnu17;
				GCC_NO_COMMON_BLOCKS = YES;
				GCC_WARN_64_TO_32_BIT_CONVERSION = YES;
				GCC_WARN_ABOUT_RETURN_TYPE = YES_ERROR;
				GCC_WARN_UNDECLARED_SELECTOR = YES;
				GCC_WARN_UNINITIALIZED_AUTOS = YES_AGGRESSIVE;
				GCC_WARN_UNUSED_FUNCTION = YES;
				GCC_WARN_UNUSED_VARIABLE = YES;
				IPHONEOS_DEPLOYMENT_TARGET = 17.2;
				LOCALIZATION_PREFERS_STRING_CATALOGS = YES;
				MTL_ENABLE_DEBUG_INFO = NO;
				MTL_FAST_MATH = YES;
				SDKROOT = iphoneos;
				SWIFT_COMPILATION_MODE = wholemodule;
				VALIDATE_PRODUCT = YES;
			};
			name = Release;
		};
		322A6CC52B959D6300A55712 /* Debug */ = {
			isa = XCBuildConfiguration;
			buildSettings = {
				ASSETCATALOG_COMPILER_APPICON_NAME = AppIcon;
				ASSETCATALOG_COMPILER_GLOBAL_ACCENT_COLOR_NAME = AccentColor;
				CODE_SIGN_STYLE = Automatic;
				CURRENT_PROJECT_VERSION = 1;
				DEVELOPMENT_ASSET_PATHS = "\"Song Drop/Preview Content\"";
				DEVELOPMENT_TEAM = P6JHPQ449J;
				ENABLE_PREVIEWS = YES;
				GENERATE_INFOPLIST_FILE = YES;
				INFOPLIST_KEY_UIApplicationSceneManifest_Generation = YES;
				INFOPLIST_KEY_UIApplicationSupportsIndirectInputEvents = YES;
				INFOPLIST_KEY_UILaunchScreen_Generation = YES;
				INFOPLIST_KEY_UISupportedInterfaceOrientations_iPad = "UIInterfaceOrientationPortrait UIInterfaceOrientationPortraitUpsideDown UIInterfaceOrientationLandscapeLeft UIInterfaceOrientationLandscapeRight";
				INFOPLIST_KEY_UISupportedInterfaceOrientations_iPhone = "UIInterfaceOrientationPortrait UIInterfaceOrientationLandscapeLeft UIInterfaceOrientationLandscapeRight";
				LD_RUNPATH_SEARCH_PATHS = (
					"$(inherited)",
					"@executable_path/Frameworks",
				);
				MARKETING_VERSION = 1.0;
				PRODUCT_BUNDLE_IDENTIFIER = "timothyspencer.Song-Drop";
				PRODUCT_NAME = "$(TARGET_NAME)";
				SWIFT_EMIT_LOC_STRINGS = YES;
				SWIFT_VERSION = 5.0;
				TARGETED_DEVICE_FAMILY = "1,2";
			};
			name = Debug;
		};
		322A6CC62B959D6300A55712 /* Release */ = {
			isa = XCBuildConfiguration;
			buildSettings = {
				ASSETCATALOG_COMPILER_APPICON_NAME = AppIcon;
				ASSETCATALOG_COMPILER_GLOBAL_ACCENT_COLOR_NAME = AccentColor;
				CODE_SIGN_STYLE = Automatic;
				CURRENT_PROJECT_VERSION = 1;
				DEVELOPMENT_ASSET_PATHS = "\"Song Drop/Preview Content\"";
				DEVELOPMENT_TEAM = P6JHPQ449J;
				ENABLE_PREVIEWS = YES;
				GENERATE_INFOPLIST_FILE = YES;
				INFOPLIST_KEY_UIApplicationSceneManifest_Generation = YES;
				INFOPLIST_KEY_UIApplicationSupportsIndirectInputEvents = YES;
				INFOPLIST_KEY_UILaunchScreen_Generation = YES;
				INFOPLIST_KEY_UISupportedInterfaceOrientations_iPad = "UIInterfaceOrientationPortrait UIInterfaceOrientationPortraitUpsideDown UIInterfaceOrientationLandscapeLeft UIInterfaceOrientationLandscapeRight";
				INFOPLIST_KEY_UISupportedInterfaceOrientations_iPhone = "UIInterfaceOrientationPortrait UIInterfaceOrientationLandscapeLeft UIInterfaceOrientationLandscapeRight";
				LD_RUNPATH_SEARCH_PATHS = (
					"$(inherited)",
					"@executable_path/Frameworks",
				);
				MARKETING_VERSION = 1.0;
				PRODUCT_BUNDLE_IDENTIFIER = "timothyspencer.Song-Drop";
				PRODUCT_NAME = "$(TARGET_NAME)";
				SWIFT_EMIT_LOC_STRINGS = YES;
				SWIFT_VERSION = 5.0;
				TARGETED_DEVICE_FAMILY = "1,2";
			};
			name = Release;
		};
		322A6CC82B959D6300A55712 /* Debug */ = {
			isa = XCBuildConfiguration;
			buildSettings = {
				ALWAYS_EMBED_SWIFT_STANDARD_LIBRARIES = YES;
				BUNDLE_LOADER = "$(TEST_HOST)";
				CODE_SIGN_STYLE = Automatic;
				CURRENT_PROJECT_VERSION = 1;
				DEVELOPMENT_TEAM = P6JHPQ449J;
				GENERATE_INFOPLIST_FILE = YES;
				IPHONEOS_DEPLOYMENT_TARGET = 17.2;
				MARKETING_VERSION = 1.0;
				PRODUCT_BUNDLE_IDENTIFIER = "timothyspencer.Song-DropTests";
				PRODUCT_NAME = "$(TARGET_NAME)";
				SWIFT_EMIT_LOC_STRINGS = NO;
				SWIFT_VERSION = 5.0;
				TARGETED_DEVICE_FAMILY = "1,2";
				TEST_HOST = "$(BUILT_PRODUCTS_DIR)/Song Drop.app/$(BUNDLE_EXECUTABLE_FOLDER_PATH)/Song Drop";
			};
			name = Debug;
		};
		322A6CC92B959D6300A55712 /* Release */ = {
			isa = XCBuildConfiguration;
			buildSettings = {
				ALWAYS_EMBED_SWIFT_STANDARD_LIBRARIES = YES;
				BUNDLE_LOADER = "$(TEST_HOST)";
				CODE_SIGN_STYLE = Automatic;
				CURRENT_PROJECT_VERSION = 1;
				DEVELOPMENT_TEAM = P6JHPQ449J;
				GENERATE_INFOPLIST_FILE = YES;
				IPHONEOS_DEPLOYMENT_TARGET = 17.2;
				MARKETING_VERSION = 1.0;
				PRODUCT_BUNDLE_IDENTIFIER = "timothyspencer.Song-DropTests";
				PRODUCT_NAME = "$(TARGET_NAME)";
				SWIFT_EMIT_LOC_STRINGS = NO;
				SWIFT_VERSION = 5.0;
				TARGETED_DEVICE_FAMILY = "1,2";
				TEST_HOST = "$(BUILT_PRODUCTS_DIR)/Song Drop.app/$(BUNDLE_EXECUTABLE_FOLDER_PATH)/Song Drop";
			};
			name = Release;
		};
		322A6CCB2B959D6300A55712 /* Debug */ = {
			isa = XCBuildConfiguration;
			buildSettings = {
				ALWAYS_EMBED_SWIFT_STANDARD_LIBRARIES = YES;
				CODE_SIGN_STYLE = Automatic;
				CURRENT_PROJECT_VERSION = 1;
				DEVELOPMENT_TEAM = P6JHPQ449J;
				GENERATE_INFOPLIST_FILE = YES;
				MARKETING_VERSION = 1.0;
				PRODUCT_BUNDLE_IDENTIFIER = "timothyspencer.Song-DropUITests";
				PRODUCT_NAME = "$(TARGET_NAME)";
				SWIFT_EMIT_LOC_STRINGS = NO;
				SWIFT_VERSION = 5.0;
				TARGETED_DEVICE_FAMILY = "1,2";
				TEST_TARGET_NAME = "Song Drop";
			};
			name = Debug;
		};
		322A6CCC2B959D6300A55712 /* Release */ = {
			isa = XCBuildConfiguration;
			buildSettings = {
				ALWAYS_EMBED_SWIFT_STANDARD_LIBRARIES = YES;
				CODE_SIGN_STYLE = Automatic;
				CURRENT_PROJECT_VERSION = 1;
				DEVELOPMENT_TEAM = P6JHPQ449J;
				GENERATE_INFOPLIST_FILE = YES;
				MARKETING_VERSION = 1.0;
				PRODUCT_BUNDLE_IDENTIFIER = "timothyspencer.Song-DropUITests";
				PRODUCT_NAME = "$(TARGET_NAME)";
				SWIFT_EMIT_LOC_STRINGS = NO;
				SWIFT_VERSION = 5.0;
				TARGETED_DEVICE_FAMILY = "1,2";
				TEST_TARGET_NAME = "Song Drop";
			};
			name = Release;
		};
/* End XCBuildConfiguration section */

/* Begin XCConfigurationList section */
		322A6C992B959D6100A55712 /* Build configuration list for PBXProject "Song Drop" */ = {
			isa = XCConfigurationList;
			buildConfigurations = (
				322A6CC22B959D6300A55712 /* Debug */,
				322A6CC32B959D6300A55712 /* Release */,
			);
			defaultConfigurationIsVisible = 0;
			defaultConfigurationName = Release;
		};
		322A6CC42B959D6300A55712 /* Build configuration list for PBXNativeTarget "Song Drop" */ = {
			isa = XCConfigurationList;
			buildConfigurations = (
				322A6CC52B959D6300A55712 /* Debug */,
				322A6CC62B959D6300A55712 /* Release */,
			);
			defaultConfigurationIsVisible = 0;
			defaultConfigurationName = Release;
		};
		322A6CC72B959D6300A55712 /* Build configuration list for PBXNativeTarget "Song DropTests" */ = {
			isa = XCConfigurationList;
			buildConfigurations = (
				322A6CC82B959D6300A55712 /* Debug */,
				322A6CC92B959D6300A55712 /* Release */,
			);
			defaultConfigurationIsVisible = 0;
			defaultConfigurationName = Release;
		};
		322A6CCA2B959D6300A55712 /* Build configuration list for PBXNativeTarget "Song DropUITests" */ = {
			isa = XCConfigurationList;
			buildConfigurations = (
				322A6CCB2B959D6300A55712 /* Debug */,
				322A6CCC2B959D6300A55712 /* Release */,
			);
			defaultConfigurationIsVisible = 0;
			defaultConfigurationName = Release;
		};
/* End XCConfigurationList section */
	};
	rootObject = 322A6C962B959D6100A55712 /* Project object */;
}
